
Microsoft Visual Studio Solution File, Format Version 12.00
# Visual Studio Version 17
VisualStudioVersion = 17.5.001.0
MinimumVisualStudioVersion = 10.0.40219.1
Project("{9A19103F-16F7-4668-BE54-9A1E7A4F7556}") = "CommandService", "CommandService.csproj", "{B32EDC1F-779F-462B-BC1E-EC09526BD165}"
EndProject
Global
	GlobalSection(SolutionConfigurationPlatforms) = preSolution
		Debug|Any CPU = Debug|Any CPU
		Release|Any CPU = Release|Any CPU
	EndGlobalSection
	GlobalSection(ProjectConfigurationPlatforms) = postSolution
		{B32EDC1F-779F-462B-BC1E-EC09526BD165}.Debug|Any CPU.ActiveCfg = Debug|Any CPU
		{B32EDC1F-779F-462B-BC1E-EC09526BD165}.Debug|Any CPU.Build.0 = Debug|Any CPU
		{B32EDC1F-779F-462B-BC1E-EC09526BD165}.Release|Any CPU.ActiveCfg = Release|Any CPU
		{B32EDC1F-779F-462B-BC1E-EC09526BD165}.Release|Any CPU.Build.0 = Release|Any CPU
	EndGlobalSection
	GlobalSection(SolutionProperties) = preSolution
		HideSolutionNode = FALSE
	EndGlobalSection
	GlobalSection(ExtensibilityGlobals) = postSolution
		SolutionGuid = {62F4F5C2-CF46-4985-88F6-2BC53B9A91AC}
	EndGlobalSection
EndGlobal
